
Microsoft Visual Studio Solution File, Format Version 12.00
# Visual Studio 15
VisualStudioVersion = 15.0.27703.2042
MinimumVisualStudioVersion = 10.0.40219.1
Project("{9A19103F-16F7-4668-BE54-9A1E7A4F7556}") = "DoughnutChartComponent", "DoughnutChartComponent\DoughnutChartComponent.csproj", "{9898CC78-D595-4BD7-BBCB-002D65DD422C}"
EndProject
Global
	GlobalSection(SolutionConfigurationPlatforms) = preSolution
		Debug|Any CPU = Debug|Any CPU
		Release|Any CPU = Release|Any CPU
	EndGlobalSection
	GlobalSection(ProjectConfigurationPlatforms) = postSolution
		{9898CC78-D595-4BD7-BBCB-002D65DD422C}.Debug|Any CPU.ActiveCfg = Debug|Any CPU
		{9898CC78-D595-4BD7-BBCB-002D65DD422C}.Debug|Any CPU.Build.0 = Debug|Any CPU
		{9898CC78-D595-4BD7-BBCB-002D65DD422C}.Release|Any CPU.ActiveCfg = Release|Any CPU
		{9898CC78-D595-4BD7-BBCB-002D65DD422C}.Release|Any CPU.Build.0 = Release|Any CPU
	EndGlobalSection
	GlobalSection(SolutionProperties) = preSolution
		HideSolutionNode = FALSE
	EndGlobalSection
	GlobalSection(ExtensibilityGlobals) = postSolution
		SolutionGuid = {7E2F3390-9885-4F26-BC49-2CD834839886}
	EndGlobalSection
EndGlobal
