
Microsoft Visual Studio Solution File, Format Version 12.00
# Visual Studio 15
VisualStudioVersion = 15.0.27703.2026
MinimumVisualStudioVersion = 10.0.40219.1
Project("{FAE04EC0-301F-11D3-BF4B-00C04F79EFBC}") = "BasicBlazor", "BasicBlazor\BasicBlazor.csproj", "{9C9AFBEE-3F81-4EC8-8C51-0BC36093CFF8}"
EndProject
Global
	GlobalSection(SolutionConfigurationPlatforms) = preSolution
		Debug|Any CPU = Debug|Any CPU
		Release|Any CPU = Release|Any CPU
	EndGlobalSection
	GlobalSection(ProjectConfigurationPlatforms) = postSolution
		{9C9AFBEE-3F81-4EC8-8C51-0BC36093CFF8}.Debug|Any CPU.ActiveCfg = Debug|Any CPU
		{9C9AFBEE-3F81-4EC8-8C51-0BC36093CFF8}.Debug|Any CPU.Build.0 = Debug|Any CPU
		{9C9AFBEE-3F81-4EC8-8C51-0BC36093CFF8}.Release|Any CPU.ActiveCfg = Release|Any CPU
		{9C9AFBEE-3F81-4EC8-8C51-0BC36093CFF8}.Release|Any CPU.Build.0 = Release|Any CPU
	EndGlobalSection
	GlobalSection(SolutionProperties) = preSolution
		HideSolutionNode = FALSE
	EndGlobalSection
	GlobalSection(ExtensibilityGlobals) = postSolution
		SolutionGuid = {27CC20CB-10F1-449B-B7F3-14A99D418B1A}
	EndGlobalSection
EndGlobal
