
Microsoft Visual Studio Solution File, Format Version 12.00
# Visual Studio 15
VisualStudioVersion = 15.0.27703.2026
MinimumVisualStudioVersion = 10.0.40219.1
Project("{9A19103F-16F7-4668-BE54-9A1E7A4F7556}") = "BlazorStructure.Server", "BlazorStructure.Server\BlazorStructure.Server.csproj", "{1B202653-F20B-461E-8B8B-6F3AFE476826}"
EndProject
Project("{9A19103F-16F7-4668-BE54-9A1E7A4F7556}") = "BlazorStructure.Client", "BlazorStructure.Client\BlazorStructure.Client.csproj", "{5DD0B77F-6E02-4451-B625-FC2349E2A028}"
EndProject
Project("{9A19103F-16F7-4668-BE54-9A1E7A4F7556}") = "BlazorStructure.Shared", "BlazorStructure.Shared\BlazorStructure.Shared.csproj", "{D4289078-1AEE-40EC-9629-4EA5DCDD410B}"
EndProject
Project("{9A19103F-16F7-4668-BE54-9A1E7A4F7556}") = "BlazorLibTest", "BlazorLibTest\BlazorLibTest.csproj", "{09298DE5-73DF-452B-B924-CFAC0F38221A}"
EndProject
Global
	GlobalSection(SolutionConfigurationPlatforms) = preSolution
		Debug|Any CPU = Debug|Any CPU
		Release|Any CPU = Release|Any CPU
	EndGlobalSection
	GlobalSection(ProjectConfigurationPlatforms) = postSolution
		{1B202653-F20B-461E-8B8B-6F3AFE476826}.Debug|Any CPU.ActiveCfg = Debug|Any CPU
		{1B202653-F20B-461E-8B8B-6F3AFE476826}.Debug|Any CPU.Build.0 = Debug|Any CPU
		{1B202653-F20B-461E-8B8B-6F3AFE476826}.Release|Any CPU.ActiveCfg = Release|Any CPU
		{1B202653-F20B-461E-8B8B-6F3AFE476826}.Release|Any CPU.Build.0 = Release|Any CPU
		{5DD0B77F-6E02-4451-B625-FC2349E2A028}.Debug|Any CPU.ActiveCfg = Debug|Any CPU
		{5DD0B77F-6E02-4451-B625-FC2349E2A028}.Debug|Any CPU.Build.0 = Debug|Any CPU
		{5DD0B77F-6E02-4451-B625-FC2349E2A028}.Release|Any CPU.ActiveCfg = Release|Any CPU
		{5DD0B77F-6E02-4451-B625-FC2349E2A028}.Release|Any CPU.Build.0 = Release|Any CPU
		{D4289078-1AEE-40EC-9629-4EA5DCDD410B}.Debug|Any CPU.ActiveCfg = Debug|Any CPU
		{D4289078-1AEE-40EC-9629-4EA5DCDD410B}.Debug|Any CPU.Build.0 = Debug|Any CPU
		{D4289078-1AEE-40EC-9629-4EA5DCDD410B}.Release|Any CPU.ActiveCfg = Release|Any CPU
		{D4289078-1AEE-40EC-9629-4EA5DCDD410B}.Release|Any CPU.Build.0 = Release|Any CPU
		{09298DE5-73DF-452B-B924-CFAC0F38221A}.Debug|Any CPU.ActiveCfg = Debug|Any CPU
		{09298DE5-73DF-452B-B924-CFAC0F38221A}.Debug|Any CPU.Build.0 = Debug|Any CPU
		{09298DE5-73DF-452B-B924-CFAC0F38221A}.Release|Any CPU.ActiveCfg = Release|Any CPU
		{09298DE5-73DF-452B-B924-CFAC0F38221A}.Release|Any CPU.Build.0 = Release|Any CPU
	EndGlobalSection
	GlobalSection(SolutionProperties) = preSolution
		HideSolutionNode = FALSE
	EndGlobalSection
	GlobalSection(ExtensibilityGlobals) = postSolution
		SolutionGuid = {978A3314-7CB6-41D1-87C3-11DA503F87AF}
	EndGlobalSection
EndGlobal
